github.com/mtarnawa/godesu v1.0.0 h1:i3W32K/ghhf9qaA7gRjS2dgDGXkByvonzgTHfO2AVRE=
github.com/mtarnawa/godesu v1.0.0/go.mod h1:GCnGaXjQp0BH6BQpvZvZfRwKLCeY4tzSFi2WMAGNcjA=
github.com/pborman/getopt v1.1.0 h1:eJ3aFZroQqq0bWmraivjQNt6Dmm5M0h2JcDW38/Azb0=
github.com/pborman/getopt v1.1.0/go.mod h1:FxXoW1Re00sQG/+KIkuSqRL/LwQgSkv7uyac+STFsbk=
